{
  "version": 4,
  "terraform_version": "1.7.5",
  "serial": 124,
  "lineage": "fbe0e4e1-99e6-f806-97cb-e5e8315910b6",
  "outputs": {},
  "resources": [
    {
      "mode": "data",
      "type": "aws_ecr_repository",
      "name": "estimation_repository",
      "provider": "provider[\"registry.terraform.io/hashicorp/aws\"]",
      "instances": [
        {
          "schema_version": 0,
          "attributes": {
            "arn": "arn:aws:ecr:eu-central-1:811201412989:repository/estimation-images",
            "encryption_configuration": [
              {
                "encryption_type": "AES256",
                "kms_key": ""
              }
            ],
            "id": "estimation-images",
            "image_scanning_configuration": [
              {
                "scan_on_push": false
              }
            ],
            "image_tag_mutability": "MUTABLE",
            "most_recent_image_tags": [
              "latest"
            ],
            "name": "estimation-images",
            "registry_id": "811201412989",
            "repository_url": "811201412989.dkr.ecr.eu-central-1.amazonaws.com/estimation-images",
            "tags": {}
          },
          "sensitive_attributes": []
        }
      ]
    },
    {
      "mode": "data",
      "type": "aws_ecr_repository",
      "name": "lambda_repository",
      "provider": "provider[\"registry.terraform.io/hashicorp/aws\"]",
      "instances": [
        {
          "schema_version": 0,
          "attributes": {
            "arn": "arn:aws:ecr:eu-central-1:811201412989:repository/lambda-images",
            "encryption_configuration": [
              {
                "encryption_type": "AES256",
                "kms_key": ""
              }
            ],
            "id": "lambda-images",
            "image_scanning_configuration": [
              {
                "scan_on_push": false
              }
            ],
            "image_tag_mutability": "MUTABLE",
            "most_recent_image_tags": [
              "inference"
            ],
            "name": "lambda-images",
            "registry_id": "811201412989",
            "repository_url": "811201412989.dkr.ecr.eu-central-1.amazonaws.com/lambda-images",
            "tags": {}
          },
          "sensitive_attributes": []
        }
      ]
    },
    {
      "mode": "data",
      "type": "aws_ecr_repository",
      "name": "overhead_press_inference_repository",
      "provider": "provider[\"registry.terraform.io/hashicorp/aws\"]",
      "instances": [
        {
          "schema_version": 0,
          "attributes": {
            "arn": "arn:aws:ecr:eu-central-1:811201412989:repository/squats-inference-images",
            "encryption_configuration": [
              {
                "encryption_type": "AES256",
                "kms_key": ""
              }
            ],
            "id": "squats-inference-images",
            "image_scanning_configuration": [
              {
                "scan_on_push": false
              }
            ],
            "image_tag_mutability": "MUTABLE",
            "most_recent_image_tags": [
              "latest"
            ],
            "name": "squats-inference-images",
            "registry_id": "811201412989",
            "repository_url": "811201412989.dkr.ecr.eu-central-1.amazonaws.com/squats-inference-images",
            "tags": {}
          },
          "sensitive_attributes": []
        }
      ]
    },
    {
      "mode": "data",
      "type": "aws_ecr_repository",
      "name": "segmentation_repository",
      "provider": "provider[\"registry.terraform.io/hashicorp/aws\"]",
      "instances": [
        {
          "schema_version": 0,
          "attributes": {
            "arn": "arn:aws:ecr:eu-central-1:811201412989:repository/segmentation-images",
            "encryption_configuration": [
              {
                "encryption_type": "AES256",
                "kms_key": ""
              }
            ],
            "id": "segmentation-images",
            "image_scanning_configuration": [
              {
                "scan_on_push": false
              }
            ],
            "image_tag_mutability": "MUTABLE",
            "most_recent_image_tags": [
              "latest"
            ],
            "name": "segmentation-images",
            "registry_id": "811201412989",
            "repository_url": "811201412989.dkr.ecr.eu-central-1.amazonaws.com/segmentation-images",
            "tags": {}
          },
          "sensitive_attributes": []
        }
      ]
    },
    {
      "mode": "data",
      "type": "aws_ecr_repository",
      "name": "squats_inference_repository",
      "provider": "provider[\"registry.terraform.io/hashicorp/aws\"]",
      "instances": [
        {
          "schema_version": 0,
          "attributes": {
            "arn": "arn:aws:ecr:eu-central-1:811201412989:repository/squats-inference-images",
            "encryption_configuration": [
              {
                "encryption_type": "AES256",
                "kms_key": ""
              }
            ],
            "id": "squats-inference-images",
            "image_scanning_configuration": [
              {
                "scan_on_push": false
              }
            ],
            "image_tag_mutability": "MUTABLE",
            "most_recent_image_tags": [
              "latest"
            ],
            "name": "squats-inference-images",
            "registry_id": "811201412989",
            "repository_url": "811201412989.dkr.ecr.eu-central-1.amazonaws.com/squats-inference-images",
            "tags": {}
          },
          "sensitive_attributes": []
        }
      ]
    },
    {
      "mode": "data",
      "type": "aws_s3_bucket",
      "name": "bucket",
      "provider": "provider[\"registry.terraform.io/hashicorp/aws\"]",
      "instances": [
        {
          "schema_version": 0,
          "attributes": {
            "arn": "arn:aws:s3:::smartfit-input-bucket160809-dev",
            "bucket": "smartfit-input-bucket160809-dev",
            "bucket_domain_name": "smartfit-input-bucket160809-dev.s3.amazonaws.com",
            "bucket_regional_domain_name": "smartfit-input-bucket160809-dev.s3.eu-central-1.amazonaws.com",
            "hosted_zone_id": "Z21DNDUVLTQW6Q",
            "id": "smartfit-input-bucket160809-dev",
            "region": "eu-central-1",
            "website_domain": null,
            "website_endpoint": null
          },
          "sensitive_attributes": []
        }
      ]
    },
    {
      "mode": "managed",
      "type": "aws_codebuild_project",
      "name": "estimation_project",
      "provider": "provider[\"registry.terraform.io/hashicorp/aws\"]",
      "instances": [
        {
          "schema_version": 0,
          "attributes": {
            "arn": "arn:aws:codebuild:eu-central-1:811201412989:project/EstimationProject",
            "artifacts": [
              {
                "artifact_identifier": "",
                "bucket_owner_access": "",
                "encryption_disabled": false,
                "location": "",
                "name": "",
                "namespace_type": "",
                "override_artifact_name": false,
                "packaging": "",
                "path": "",
                "type": "NO_ARTIFACTS"
              }
            ],
            "badge_enabled": false,
            "badge_url": "",
            "build_batch_config": [],
            "build_timeout": 10,
            "cache": [
              {
                "location": "",
                "modes": [],
                "type": "NO_CACHE"
              }
            ],
            "concurrent_build_limit": 0,
            "description": "",
            "encryption_key": "arn:aws:kms:eu-central-1:811201412989:alias/aws/s3",
            "environment": [
              {
                "certificate": "",
                "compute_type": "BUILD_GENERAL1_MEDIUM",
                "environment_variable": [
                  {
                    "name": "AWS_ACCOUNT_ID",
                    "type": "PLAINTEXT",
                    "value": "811201412989"
                  },
                  {
                    "name": "AWS_DEFAULT_REGION",
                    "type": "PLAINTEXT",
                    "value": "eu-central-1"
                  },
                  {
                    "name": "IMAGE_REPO_NAME",
                    "type": "PLAINTEXT",
                    "value": "estimation-images"
                  },
                  {
                    "name": "IMAGE_TAG",
                    "type": "PLAINTEXT",
                    "value": "latest"
                  }
                ],
                "image": "aws/codebuild/amazonlinux2-x86_64-standard:5.0",
                "image_pull_credentials_type": "CODEBUILD",
                "privileged_mode": false,
                "registry_credential": [],
                "type": "LINUX_CONTAINER"
              }
            ],
            "file_system_locations": [],
            "id": "arn:aws:codebuild:eu-central-1:811201412989:project/EstimationProject",
            "logs_config": [
              {
                "cloudwatch_logs": [
                  {
                    "group_name": "CI/CD",
                    "status": "ENABLED",
                    "stream_name": "Docker"
                  }
                ],
                "s3_logs": [
                  {
                    "bucket_owner_access": "",
                    "encryption_disabled": false,
                    "location": "",
                    "status": "DISABLED"
                  }
                ]
              }
            ],
            "name": "EstimationProject",
            "project_visibility": "PRIVATE",
            "public_project_alias": "",
            "queued_timeout": 480,
            "resource_access_role": "",
            "secondary_artifacts": [],
            "secondary_source_version": [],
            "secondary_sources": [],
            "service_role": "arn:aws:iam::811201412989:role/service-role/codebuild-docker-service-role",
            "source": [
              {
                "build_status_config": [],
                "buildspec": "version: 0.2\n\nphases:\n    install:\n        commands:\n             - pip3 install -q awscli --upgrade --user\n             - yum -q install -y jq\n    pre_build:\n        commands:\n            ### Login to Amazon ECR\n             - echo Logging in to Amazon ECR...\n             - aws ecr get-login-password --region $AWS_DEFAULT_REGION | docker login --username AWS --password-stdin $AWS_ACCOUNT_ID.dkr.ecr.$AWS_DEFAULT_REGION.amazonaws.com\n            ### Creating the ECR repository\n             - aws ecr describe-repositories --repository-names ${IMAGE_REPO_NAME} || aws ecr create-repository --repository-name ${IMAGE_REPO_NAME}\n    build:\n        commands:\n             - cd estimation\n             - aws s3 cp s3://models-bucket-811201412989/movenet.tflite .\n             - echo Build started on `date`\n             - docker build --platform linux/amd64 -t $IMAGE_REPO_NAME:$IMAGE_TAG .\n             - docker tag $IMAGE_REPO_NAME:$IMAGE_TAG $AWS_ACCOUNT_ID.dkr.ecr.$AWS_DEFAULT_REGION.amazonaws.com/$IMAGE_REPO_NAME:$IMAGE_TAG\n             - echo Build completed on `date`\n    post_build:\n        commands:\n            ### Publish the docker image to ECR\n            - echo Pushing the Docker image...\n            - docker push $AWS_ACCOUNT_ID.dkr.ecr.$AWS_DEFAULT_REGION.amazonaws.com/$IMAGE_REPO_NAME:$IMAGE_TAG\n            - aws lambda update-function-code --function-name EstimationFunction --image-uri $AWS_ACCOUNT_ID.dkr.ecr.$AWS_DEFAULT_REGION.amazonaws.com/$IMAGE_REPO_NAME:$IMAGE_TAG",
                "git_clone_depth": 1,
                "git_submodules_config": [
                  {
                    "fetch_submodules": false
                  }
                ],
                "insecure_ssl": false,
                "location": "https://github.com/vasyl-sw14/smart-fit",
                "report_build_status": false,
                "type": "GITHUB"
              }
            ],
            "source_version": "",
            "tags": {},
            "tags_all": {},
            "vpc_config": []
          },
          "sensitive_attributes": [],
          "private": "bnVsbA=="
        }
      ]
    },
    {
      "mode": "managed",
      "type": "aws_codebuild_project",
      "name": "overhead_press_inference",
      "provider": "provider[\"registry.terraform.io/hashicorp/aws\"]",
      "instances": [
        {
          "schema_version": 0,
          "attributes": {
            "arn": "arn:aws:codebuild:eu-central-1:811201412989:project/OverheadPressInferenceProject",
            "artifacts": [
              {
                "artifact_identifier": "",
                "bucket_owner_access": "",
                "encryption_disabled": false,
                "location": "",
                "name": "",
                "namespace_type": "",
                "override_artifact_name": false,
                "packaging": "",
                "path": "",
                "type": "NO_ARTIFACTS"
              }
            ],
            "badge_enabled": false,
            "badge_url": "",
            "build_batch_config": [],
            "build_timeout": 10,
            "cache": [
              {
                "location": "",
                "modes": [],
                "type": "NO_CACHE"
              }
            ],
            "concurrent_build_limit": 0,
            "description": "",
            "encryption_key": "arn:aws:kms:eu-central-1:811201412989:alias/aws/s3",
            "environment": [
              {
                "certificate": "",
                "compute_type": "BUILD_GENERAL1_MEDIUM",
                "environment_variable": [
                  {
                    "name": "AWS_ACCOUNT_ID",
                    "type": "PLAINTEXT",
                    "value": "811201412989"
                  },
                  {
                    "name": "AWS_DEFAULT_REGION",
                    "type": "PLAINTEXT",
                    "value": "eu-central-1"
                  },
                  {
                    "name": "IMAGE_REPO_NAME",
                    "type": "PLAINTEXT",
                    "value": "overhead-press-inference-images"
                  },
                  {
                    "name": "IMAGE_TAG",
                    "type": "PLAINTEXT",
                    "value": "latest"
                  }
                ],
                "image": "aws/codebuild/amazonlinux2-x86_64-standard:5.0",
                "image_pull_credentials_type": "CODEBUILD",
                "privileged_mode": false,
                "registry_credential": [],
                "type": "LINUX_CONTAINER"
              }
            ],
            "file_system_locations": [],
            "id": "arn:aws:codebuild:eu-central-1:811201412989:project/OverheadPressInferenceProject",
            "logs_config": [
              {
                "cloudwatch_logs": [
                  {
                    "group_name": "CI/CD",
                    "status": "ENABLED",
                    "stream_name": "Docker"
                  }
                ],
                "s3_logs": [
                  {
                    "bucket_owner_access": "",
                    "encryption_disabled": false,
                    "location": "",
                    "status": "DISABLED"
                  }
                ]
              }
            ],
            "name": "OverheadPressInferenceProject",
            "project_visibility": "PRIVATE",
            "public_project_alias": "",
            "queued_timeout": 480,
            "resource_access_role": "",
            "secondary_artifacts": [],
            "secondary_source_version": [],
            "secondary_sources": [],
            "service_role": "arn:aws:iam::811201412989:role/service-role/codebuild-docker-service-role",
            "source": [
              {
                "build_status_config": [],
                "buildspec": "version: 0.2\n\nphases:\n    install:\n        commands:\n             - pip3 install -q awscli --upgrade --user\n             - yum -q install -y jq\n    pre_build:\n        commands:\n            ### Login to Amazon ECR\n             - echo Logging in to Amazon ECR...\n             - aws ecr get-login-password --region $AWS_DEFAULT_REGION | docker login --username AWS --password-stdin $AWS_ACCOUNT_ID.dkr.ecr.$AWS_DEFAULT_REGION.amazonaws.com\n            ### Creating the ECR repository\n             - aws ecr describe-repositories --repository-names ${IMAGE_REPO_NAME} || aws ecr create-repository --repository-name ${IMAGE_REPO_NAME}\n    build:\n        commands:\n             - cd classification/overhead_press\n             - aws s3 cp s3://models-bucket-811201412989/overhead_press.keras .\n             - echo Build started on `date`\n             - docker build --platform linux/amd64 -t $IMAGE_REPO_NAME:$IMAGE_TAG .\n             - docker tag $IMAGE_REPO_NAME:$IMAGE_TAG $AWS_ACCOUNT_ID.dkr.ecr.$AWS_DEFAULT_REGION.amazonaws.com/$IMAGE_REPO_NAME:$IMAGE_TAG\n             - echo Build completed on `date`\n    post_build:\n        commands:\n            ### Publish the docker image to ECR\n            - echo Pushing the Docker image...\n            - docker push $AWS_ACCOUNT_ID.dkr.ecr.$AWS_DEFAULT_REGION.amazonaws.com/$IMAGE_REPO_NAME:$IMAGE_TAG\n            - aws lambda update-function-code --function-name OverheadPressInference --image-uri $AWS_ACCOUNT_ID.dkr.ecr.$AWS_DEFAULT_REGION.amazonaws.com/$IMAGE_REPO_NAME:$IMAGE_TAG",
                "git_clone_depth": 1,
                "git_submodules_config": [
                  {
                    "fetch_submodules": false
                  }
                ],
                "insecure_ssl": false,
                "location": "https://github.com/vasyl-sw14/smart-fit",
                "report_build_status": false,
                "type": "GITHUB"
              }
            ],
            "source_version": "",
            "tags": {},
            "tags_all": {},
            "vpc_config": []
          },
          "sensitive_attributes": [],
          "private": "bnVsbA=="
        }
      ]
    },
    {
      "mode": "managed",
      "type": "aws_codebuild_project",
      "name": "segmentation",
      "provider": "provider[\"registry.terraform.io/hashicorp/aws\"]",
      "instances": [
        {
          "schema_version": 0,
          "attributes": {
            "arn": "arn:aws:codebuild:eu-central-1:811201412989:project/SegmentationProject",
            "artifacts": [
              {
                "artifact_identifier": "",
                "bucket_owner_access": "",
                "encryption_disabled": false,
                "location": "",
                "name": "",
                "namespace_type": "",
                "override_artifact_name": false,
                "packaging": "",
                "path": "",
                "type": "NO_ARTIFACTS"
              }
            ],
            "badge_enabled": false,
            "badge_url": "",
            "build_batch_config": [],
            "build_timeout": 10,
            "cache": [
              {
                "location": "",
                "modes": [],
                "type": "NO_CACHE"
              }
            ],
            "concurrent_build_limit": 0,
            "description": "",
            "encryption_key": "arn:aws:kms:eu-central-1:811201412989:alias/aws/s3",
            "environment": [
              {
                "certificate": "",
                "compute_type": "BUILD_GENERAL1_MEDIUM",
                "environment_variable": [
                  {
                    "name": "AWS_ACCOUNT_ID",
                    "type": "PLAINTEXT",
                    "value": "811201412989"
                  },
                  {
                    "name": "AWS_DEFAULT_REGION",
                    "type": "PLAINTEXT",
                    "value": "eu-central-1"
                  },
                  {
                    "name": "IMAGE_REPO_NAME",
                    "type": "PLAINTEXT",
                    "value": "segmentation-images"
                  },
                  {
                    "name": "IMAGE_TAG",
                    "type": "PLAINTEXT",
                    "value": "latest"
                  }
                ],
                "image": "aws/codebuild/amazonlinux2-x86_64-standard:5.0",
                "image_pull_credentials_type": "CODEBUILD",
                "privileged_mode": false,
                "registry_credential": [],
                "type": "LINUX_CONTAINER"
              }
            ],
            "file_system_locations": [],
            "id": "arn:aws:codebuild:eu-central-1:811201412989:project/SegmentationProject",
            "logs_config": [
              {
                "cloudwatch_logs": [
                  {
                    "group_name": "CI/CD",
                    "status": "ENABLED",
                    "stream_name": "Docker"
                  }
                ],
                "s3_logs": [
                  {
                    "bucket_owner_access": "",
                    "encryption_disabled": false,
                    "location": "",
                    "status": "DISABLED"
                  }
                ]
              }
            ],
            "name": "SegmentationProject",
            "project_visibility": "PRIVATE",
            "public_project_alias": "",
            "queued_timeout": 480,
            "resource_access_role": "",
            "secondary_artifacts": [],
            "secondary_source_version": [],
            "secondary_sources": [],
            "service_role": "arn:aws:iam::811201412989:role/service-role/codebuild-docker-service-role",
            "source": [
              {
                "build_status_config": [],
                "buildspec": "version: 0.2\n\nphases:\n    install:\n        commands:\n             - pip3 install -q awscli --upgrade --user\n             - yum -q install -y jq\n    pre_build:\n        commands:\n            ### Login to Amazon ECR\n             - echo Logging in to Amazon ECR...\n             - aws ecr get-login-password --region $AWS_DEFAULT_REGION | docker login --username AWS --password-stdin $AWS_ACCOUNT_ID.dkr.ecr.$AWS_DEFAULT_REGION.amazonaws.com\n            ### Creating the ECR repository\n             - aws ecr describe-repositories --repository-names ${IMAGE_REPO_NAME} || aws ecr create-repository --repository-name ${IMAGE_REPO_NAME}\n    build:\n        commands:\n             - cd preprocessing\n             - aws s3 cp s3://models-bucket-811201412989/DeepLabResNet.pth .\n             - echo Build started on `date`\n             - docker build --platform linux/amd64 -t $IMAGE_REPO_NAME:$IMAGE_TAG .\n             - docker tag $IMAGE_REPO_NAME:$IMAGE_TAG $AWS_ACCOUNT_ID.dkr.ecr.$AWS_DEFAULT_REGION.amazonaws.com/$IMAGE_REPO_NAME:$IMAGE_TAG\n             - echo Build completed on `date`\n    post_build:\n        commands:\n            ### Publish the docker image to ECR\n            - echo Pushing the Docker image...\n            - docker push $AWS_ACCOUNT_ID.dkr.ecr.$AWS_DEFAULT_REGION.amazonaws.com/$IMAGE_REPO_NAME:$IMAGE_TAG\n            - aws lambda update-function-code --function-name VideoSegmentation --image-uri $AWS_ACCOUNT_ID.dkr.ecr.$AWS_DEFAULT_REGION.amazonaws.com/$IMAGE_REPO_NAME:$IMAGE_TAG",
                "git_clone_depth": 1,
                "git_submodules_config": [
                  {
                    "fetch_submodules": false
                  }
                ],
                "insecure_ssl": false,
                "location": "https://github.com/vasyl-sw14/smart-fit",
                "report_build_status": false,
                "type": "GITHUB"
              }
            ],
            "source_version": "",
            "tags": {},
            "tags_all": {},
            "vpc_config": []
          },
          "sensitive_attributes": [],
          "private": "bnVsbA=="
        }
      ]
    },
    {
      "mode": "managed",
      "type": "aws_codebuild_project",
      "name": "squats_inference",
      "provider": "provider[\"registry.terraform.io/hashicorp/aws\"]",
      "instances": [
        {
          "schema_version": 0,
          "attributes": {
            "arn": "arn:aws:codebuild:eu-central-1:811201412989:project/SquatsInferenceProject",
            "artifacts": [
              {
                "artifact_identifier": "",
                "bucket_owner_access": "",
                "encryption_disabled": false,
                "location": "",
                "name": "",
                "namespace_type": "",
                "override_artifact_name": false,
                "packaging": "",
                "path": "",
                "type": "NO_ARTIFACTS"
              }
            ],
            "badge_enabled": false,
            "badge_url": "",
            "build_batch_config": [],
            "build_timeout": 10,
            "cache": [
              {
                "location": "",
                "modes": [],
                "type": "NO_CACHE"
              }
            ],
            "concurrent_build_limit": 0,
            "description": "",
            "encryption_key": "arn:aws:kms:eu-central-1:811201412989:alias/aws/s3",
            "environment": [
              {
                "certificate": "",
                "compute_type": "BUILD_GENERAL1_MEDIUM",
                "environment_variable": [
                  {
                    "name": "AWS_ACCOUNT_ID",
                    "type": "PLAINTEXT",
                    "value": "811201412989"
                  },
                  {
                    "name": "AWS_DEFAULT_REGION",
                    "type": "PLAINTEXT",
                    "value": "eu-central-1"
                  },
                  {
                    "name": "IMAGE_REPO_NAME",
                    "type": "PLAINTEXT",
                    "value": "squats-inference-images"
                  },
                  {
                    "name": "IMAGE_TAG",
                    "type": "PLAINTEXT",
                    "value": "latest"
                  }
                ],
                "image": "aws/codebuild/amazonlinux2-x86_64-standard:5.0",
                "image_pull_credentials_type": "CODEBUILD",
                "privileged_mode": false,
                "registry_credential": [],
                "type": "LINUX_CONTAINER"
              }
            ],
            "file_system_locations": [],
            "id": "arn:aws:codebuild:eu-central-1:811201412989:project/SquatsInferenceProject",
            "logs_config": [
              {
                "cloudwatch_logs": [
                  {
                    "group_name": "CI/CD",
                    "status": "ENABLED",
                    "stream_name": "Docker"
                  }
                ],
                "s3_logs": [
                  {
                    "bucket_owner_access": "",
                    "encryption_disabled": false,
                    "location": "",
                    "status": "DISABLED"
                  }
                ]
              }
            ],
            "name": "SquatsInferenceProject",
            "project_visibility": "PRIVATE",
            "public_project_alias": "",
            "queued_timeout": 480,
            "resource_access_role": "",
            "secondary_artifacts": [],
            "secondary_source_version": [],
            "secondary_sources": [],
            "service_role": "arn:aws:iam::811201412989:role/service-role/codebuild-docker-service-role",
            "source": [
              {
                "build_status_config": [],
                "buildspec": "version: 0.2\n\nphases:\n    install:\n        commands:\n             - pip3 install -q awscli --upgrade --user\n             - yum -q install -y jq\n    pre_build:\n        commands:\n            ### Login to Amazon ECR\n             - echo Logging in to Amazon ECR...\n             - aws ecr get-login-password --region $AWS_DEFAULT_REGION | docker login --username AWS --password-stdin $AWS_ACCOUNT_ID.dkr.ecr.$AWS_DEFAULT_REGION.amazonaws.com\n            ### Creating the ECR repository\n             - aws ecr describe-repositories --repository-names ${IMAGE_REPO_NAME} || aws ecr create-repository --repository-name ${IMAGE_REPO_NAME}\n    build:\n        commands:\n             - cd classification/squats\n             - aws s3 cp s3://models-bucket-811201412989/squats.keras .\n             - echo Build started on `date`\n             - docker build --platform linux/amd64 -t $IMAGE_REPO_NAME:$IMAGE_TAG .\n             - docker tag $IMAGE_REPO_NAME:$IMAGE_TAG $AWS_ACCOUNT_ID.dkr.ecr.$AWS_DEFAULT_REGION.amazonaws.com/$IMAGE_REPO_NAME:$IMAGE_TAG\n             - echo Build completed on `date`\n    post_build:\n        commands:\n            ### Publish the docker image to ECR\n            - echo Pushing the Docker image...\n            - docker push $AWS_ACCOUNT_ID.dkr.ecr.$AWS_DEFAULT_REGION.amazonaws.com/$IMAGE_REPO_NAME:$IMAGE_TAG\n            - aws lambda update-function-code --function-name SquatsInference --image-uri $AWS_ACCOUNT_ID.dkr.ecr.$AWS_DEFAULT_REGION.amazonaws.com/$IMAGE_REPO_NAME:$IMAGE_TAG",
                "git_clone_depth": 1,
                "git_submodules_config": [
                  {
                    "fetch_submodules": false
                  }
                ],
                "insecure_ssl": false,
                "location": "https://github.com/vasyl-sw14/smart-fit",
                "report_build_status": false,
                "type": "GITHUB"
              }
            ],
            "source_version": "",
            "tags": {},
            "tags_all": {},
            "vpc_config": []
          },
          "sensitive_attributes": [],
          "private": "bnVsbA=="
        }
      ]
    },
    {
      "mode": "managed",
      "type": "aws_ecr_repository",
      "name": "estimation_repository",
      "provider": "provider[\"registry.terraform.io/hashicorp/aws\"]",
      "instances": [
        {
          "schema_version": 0,
          "attributes": {
            "arn": "arn:aws:ecr:eu-central-1:811201412989:repository/estimation-images",
            "encryption_configuration": [
              {
                "encryption_type": "AES256",
                "kms_key": ""
              }
            ],
            "force_delete": null,
            "id": "estimation-images",
            "image_scanning_configuration": [
              {
                "scan_on_push": false
              }
            ],
            "image_tag_mutability": "MUTABLE",
            "name": "estimation-images",
            "registry_id": "811201412989",
            "repository_url": "811201412989.dkr.ecr.eu-central-1.amazonaws.com/estimation-images",
            "tags": {},
            "tags_all": {},
            "timeouts": null
          },
          "sensitive_attributes": [],
          "private": "eyJlMmJmYjczMC1lY2FhLTExZTYtOGY4OC0zNDM2M2JjN2M0YzAiOnsiZGVsZXRlIjoxMjAwMDAwMDAwMDAwfX0="
        }
      ]
    },
    {
      "mode": "managed",
      "type": "aws_ecr_repository",
      "name": "segmentation_repository",
      "provider": "provider[\"registry.terraform.io/hashicorp/aws\"]",
      "instances": [
        {
          "schema_version": 0,
          "attributes": {
            "arn": "arn:aws:ecr:eu-central-1:811201412989:repository/segmentation-images",
            "encryption_configuration": [
              {
                "encryption_type": "AES256",
                "kms_key": ""
              }
            ],
            "force_delete": null,
            "id": "segmentation-images",
            "image_scanning_configuration": [
              {
                "scan_on_push": false
              }
            ],
            "image_tag_mutability": "MUTABLE",
            "name": "segmentation-images",
            "registry_id": "811201412989",
            "repository_url": "811201412989.dkr.ecr.eu-central-1.amazonaws.com/segmentation-images",
            "tags": {},
            "tags_all": {},
            "timeouts": null
          },
          "sensitive_attributes": [],
          "private": "eyJlMmJmYjczMC1lY2FhLTExZTYtOGY4OC0zNDM2M2JjN2M0YzAiOnsiZGVsZXRlIjoxMjAwMDAwMDAwMDAwfX0="
        }
      ]
    },
    {
      "mode": "managed",
      "type": "aws_lambda_event_source_mapping",
      "name": "sqs_trigger",
      "provider": "provider[\"registry.terraform.io/hashicorp/aws\"]",
      "instances": [
        {
          "schema_version": 0,
          "attributes": {
            "amazon_managed_kafka_event_source_config": [],
            "batch_size": 10,
            "bisect_batch_on_function_error": false,
            "destination_config": [],
            "document_db_event_source_config": [],
            "enabled": true,
            "event_source_arn": "arn:aws:sqs:eu-central-1:811201412989:inference-queue",
            "filter_criteria": [
              {
                "filter": [
                  {
                    "pattern": "{\"body\":{\"type\":\"squats\"}}"
                  }
                ]
              }
            ],
            "function_arn": "arn:aws:lambda:eu-central-1:811201412989:function:SquatsInference",
            "function_name": "arn:aws:lambda:eu-central-1:811201412989:function:SquatsInference",
            "function_response_types": [],
            "id": "c08be45b-40d9-4219-ae87-849a2989ca30",
            "last_modified": "2024-04-28T13:51:24Z",
            "last_processing_result": "",
            "maximum_batching_window_in_seconds": 0,
            "maximum_record_age_in_seconds": 0,
            "maximum_retry_attempts": 0,
            "parallelization_factor": 0,
            "queues": [],
            "scaling_config": [],
            "self_managed_event_source": [],
            "self_managed_kafka_event_source_config": [],
            "source_access_configuration": [],
            "starting_position": "",
            "starting_position_timestamp": "",
            "state": "Enabled",
            "state_transition_reason": "USER_INITIATED",
            "topics": [],
            "tumbling_window_in_seconds": 0,
            "uuid": "c08be45b-40d9-4219-ae87-849a2989ca30"
          },
          "sensitive_attributes": [],
          "private": "bnVsbA==",
          "dependencies": [
            "aws_lambda_function.squats_inference",
            "aws_sqs_queue.video_processing",
            "data.aws_ecr_repository.squats_inference_repository"
          ]
        }
      ]
    },
    {
      "mode": "managed",
      "type": "aws_lambda_event_source_mapping",
      "name": "sqs_trigger_estimation",
      "provider": "provider[\"registry.terraform.io/hashicorp/aws\"]",
      "instances": [
        {
          "schema_version": 0,
          "attributes": {
            "amazon_managed_kafka_event_source_config": [],
            "batch_size": 10,
            "bisect_batch_on_function_error": false,
            "destination_config": [],
            "document_db_event_source_config": [],
            "enabled": true,
            "event_source_arn": "arn:aws:sqs:eu-central-1:811201412989:estimation-queue",
            "filter_criteria": [],
            "function_arn": "arn:aws:lambda:eu-central-1:811201412989:function:EstimationFunction",
            "function_name": "arn:aws:lambda:eu-central-1:811201412989:function:EstimationFunction",
            "function_response_types": [],
            "id": "9d55f5ad-1b80-4c34-9a8a-179c390af9c0",
            "last_modified": "2024-05-01T09:11:22Z",
            "last_processing_result": "",
            "maximum_batching_window_in_seconds": 0,
            "maximum_record_age_in_seconds": 0,
            "maximum_retry_attempts": 0,
            "parallelization_factor": 0,
            "queues": [],
            "scaling_config": [],
            "self_managed_event_source": [],
            "self_managed_kafka_event_source_config": [],
            "source_access_configuration": [],
            "starting_position": "",
            "starting_position_timestamp": "",
            "state": "Enabled",
            "state_transition_reason": "USER_INITIATED",
            "topics": [],
            "tumbling_window_in_seconds": 0,
            "uuid": "9d55f5ad-1b80-4c34-9a8a-179c390af9c0"
          },
          "sensitive_attributes": [],
          "private": "bnVsbA==",
          "dependencies": [
            "aws_lambda_function.estimation_function",
            "aws_sqs_queue.video_estimation",
            "data.aws_ecr_repository.segmentation_repository"
          ]
        }
      ]
    },
    {
      "mode": "managed",
      "type": "aws_lambda_event_source_mapping",
      "name": "sqs_trigger_overhead_press",
      "provider": "provider[\"registry.terraform.io/hashicorp/aws\"]",
      "instances": [
        {
          "schema_version": 0,
          "attributes": {
            "amazon_managed_kafka_event_source_config": [],
            "batch_size": 10,
            "bisect_batch_on_function_error": false,
            "destination_config": [],
            "document_db_event_source_config": [],
            "enabled": true,
            "event_source_arn": "arn:aws:sqs:eu-central-1:811201412989:inference-queue",
            "filter_criteria": [
              {
                "filter": [
                  {
                    "pattern": "{\"body\":{\"type\":[\"overhead_press\"]}}"
                  }
                ]
              }
            ],
            "function_arn": "arn:aws:lambda:eu-central-1:811201412989:function:OverheadPressInference",
            "function_name": "arn:aws:lambda:eu-central-1:811201412989:function:OverheadPressInference",
            "function_response_types": [],
            "id": "74c3ce89-6df1-4408-8ad2-9051a536a57a",
            "last_modified": "2024-04-28T14:25:08Z",
            "last_processing_result": "",
            "maximum_batching_window_in_seconds": 0,
            "maximum_record_age_in_seconds": 0,
            "maximum_retry_attempts": 0,
            "parallelization_factor": 0,
            "queues": [],
            "scaling_config": [],
            "self_managed_event_source": [],
            "self_managed_kafka_event_source_config": [],
            "source_access_configuration": [],
            "starting_position": "",
            "starting_position_timestamp": "",
            "state": "Enabled",
            "state_transition_reason": "USER_INITIATED",
            "topics": [],
            "tumbling_window_in_seconds": 0,
            "uuid": "74c3ce89-6df1-4408-8ad2-9051a536a57a"
          },
          "sensitive_attributes": [],
          "private": "bnVsbA==",
          "dependencies": [
            "aws_lambda_function.overhead_press_inference",
            "aws_sqs_queue.video_processing",
            "data.aws_ecr_repository.overhead_press_inference_repository"
          ]
        }
      ]
    },
    {
      "mode": "managed",
      "type": "aws_lambda_function",
      "name": "estimation_function",
      "provider": "provider[\"registry.terraform.io/hashicorp/aws\"]",
      "instances": [
        {
          "schema_version": 0,
          "attributes": {
            "architectures": [
              "x86_64"
            ],
            "arn": "arn:aws:lambda:eu-central-1:811201412989:function:EstimationFunction",
            "code_signing_config_arn": "",
            "dead_letter_config": [],
            "description": "",
            "environment": [],
            "ephemeral_storage": [
              {
                "size": 1024
              }
            ],
            "file_system_config": [],
            "filename": null,
            "function_name": "EstimationFunction",
            "handler": "",
            "id": "EstimationFunction",
            "image_config": [],
            "image_uri": "811201412989.dkr.ecr.eu-central-1.amazonaws.com/segmentation-images:latest",
            "invoke_arn": "arn:aws:apigateway:eu-central-1:lambda:path/2015-03-31/functions/arn:aws:lambda:eu-central-1:811201412989:function:EstimationFunction/invocations",
            "kms_key_arn": "",
            "last_modified": "2024-05-01T12:25:34.000+0000",
            "layers": [],
            "logging_config": [
              {
                "application_log_level": "",
                "log_format": "Text",
                "log_group": "/aws/lambda/EstimationFunction",
                "system_log_level": ""
              }
            ],
            "memory_size": 3008,
            "package_type": "Image",
            "publish": false,
            "qualified_arn": "arn:aws:lambda:eu-central-1:811201412989:function:EstimationFunction:$LATEST",
            "qualified_invoke_arn": "arn:aws:apigateway:eu-central-1:lambda:path/2015-03-31/functions/arn:aws:lambda:eu-central-1:811201412989:function:EstimationFunction:$LATEST/invocations",
            "replace_security_groups_on_destroy": null,
            "replacement_security_group_ids": null,
            "reserved_concurrent_executions": -1,
            "role": "arn:aws:iam::811201412989:role/service-role/VideoProcessing-role-ykidmgdx",
            "runtime": "",
            "s3_bucket": null,
            "s3_key": null,
            "s3_object_version": null,
            "signing_job_arn": "",
            "signing_profile_version_arn": "",
            "skip_destroy": false,
            "snap_start": [],
            "source_code_hash": "36f2f48540b2923ad5e4b6a1bffdc59226190ba3e7f23cc7e06b9dd5bbd70427",
            "source_code_size": 0,
            "tags": {},
            "tags_all": {},
            "timeout": 900,
            "timeouts": null,
            "tracing_config": [
              {
                "mode": "PassThrough"
              }
            ],
            "version": "$LATEST",
            "vpc_config": []
          },
          "sensitive_attributes": [],
          "private": "eyJlMmJmYjczMC1lY2FhLTExZTYtOGY4OC0zNDM2M2JjN2M0YzAiOnsiY3JlYXRlIjo2MDAwMDAwMDAwMDAsImRlbGV0ZSI6NjAwMDAwMDAwMDAwLCJ1cGRhdGUiOjYwMDAwMDAwMDAwMH19",
          "dependencies": [
            "data.aws_ecr_repository.segmentation_repository"
          ]
        }
      ]
    },
    {
      "mode": "managed",
      "type": "aws_lambda_function",
      "name": "overhead_press_inference",
      "provider": "provider[\"registry.terraform.io/hashicorp/aws\"]",
      "instances": [
        {
          "schema_version": 0,
          "attributes": {
            "architectures": [
              "x86_64"
            ],
            "arn": "arn:aws:lambda:eu-central-1:811201412989:function:OverheadPressInference",
            "code_signing_config_arn": "",
            "dead_letter_config": [],
            "description": "",
            "environment": [],
            "ephemeral_storage": [
              {
                "size": 512
              }
            ],
            "file_system_config": [],
            "filename": null,
            "function_name": "OverheadPressInference",
            "handler": "",
            "id": "OverheadPressInference",
            "image_config": [],
            "image_uri": "811201412989.dkr.ecr.eu-central-1.amazonaws.com/squats-inference-images:latest",
            "invoke_arn": "arn:aws:apigateway:eu-central-1:lambda:path/2015-03-31/functions/arn:aws:lambda:eu-central-1:811201412989:function:OverheadPressInference/invocations",
            "kms_key_arn": "",
            "last_modified": "2024-04-27T11:55:50.000+0000",
            "layers": [],
            "logging_config": [
              {
                "application_log_level": "",
                "log_format": "Text",
                "log_group": "/aws/lambda/OverheadPressInference",
                "system_log_level": ""
              }
            ],
            "memory_size": 3008,
            "package_type": "Image",
            "publish": false,
            "qualified_arn": "arn:aws:lambda:eu-central-1:811201412989:function:OverheadPressInference:$LATEST",
            "qualified_invoke_arn": "arn:aws:apigateway:eu-central-1:lambda:path/2015-03-31/functions/arn:aws:lambda:eu-central-1:811201412989:function:OverheadPressInference:$LATEST/invocations",
            "replace_security_groups_on_destroy": null,
            "replacement_security_group_ids": null,
            "reserved_concurrent_executions": -1,
            "role": "arn:aws:iam::811201412989:role/service-role/VideoProcessing-role-ykidmgdx",
            "runtime": "",
            "s3_bucket": null,
            "s3_key": null,
            "s3_object_version": null,
            "signing_job_arn": "",
            "signing_profile_version_arn": "",
            "skip_destroy": false,
            "snap_start": [],
            "source_code_hash": "930ba38daaffac21f8afa51e301b901024b714cc16661ebacfef0ece21afcfe6",
            "source_code_size": 0,
            "tags": {},
            "tags_all": {},
            "timeout": 900,
            "timeouts": null,
            "tracing_config": [
              {
                "mode": "PassThrough"
              }
            ],
            "version": "$LATEST",
            "vpc_config": []
          },
          "sensitive_attributes": [],
          "private": "eyJlMmJmYjczMC1lY2FhLTExZTYtOGY4OC0zNDM2M2JjN2M0YzAiOnsiY3JlYXRlIjo2MDAwMDAwMDAwMDAsImRlbGV0ZSI6NjAwMDAwMDAwMDAwLCJ1cGRhdGUiOjYwMDAwMDAwMDAwMH19",
          "dependencies": [
            "data.aws_ecr_repository.overhead_press_inference_repository"
          ]
        }
      ]
    },
    {
      "mode": "managed",
      "type": "aws_lambda_function",
      "name": "squats_inference",
      "provider": "provider[\"registry.terraform.io/hashicorp/aws\"]",
      "instances": [
        {
          "schema_version": 0,
          "attributes": {
            "architectures": [
              "x86_64"
            ],
            "arn": "arn:aws:lambda:eu-central-1:811201412989:function:SquatsInference",
            "code_signing_config_arn": "",
            "dead_letter_config": [],
            "description": "",
            "environment": [],
            "ephemeral_storage": [
              {
                "size": 512
              }
            ],
            "file_system_config": [],
            "filename": null,
            "function_name": "SquatsInference",
            "handler": "",
            "id": "SquatsInference",
            "image_config": [],
            "image_uri": "811201412989.dkr.ecr.eu-central-1.amazonaws.com/squats-inference-images:latest",
            "invoke_arn": "arn:aws:apigateway:eu-central-1:lambda:path/2015-03-31/functions/arn:aws:lambda:eu-central-1:811201412989:function:SquatsInference/invocations",
            "kms_key_arn": "",
            "last_modified": "2024-05-01T11:22:23.000+0000",
            "layers": [],
            "logging_config": [
              {
                "application_log_level": "",
                "log_format": "Text",
                "log_group": "/aws/lambda/SquatsInference",
                "system_log_level": ""
              }
            ],
            "memory_size": 3008,
            "package_type": "Image",
            "publish": false,
            "qualified_arn": "arn:aws:lambda:eu-central-1:811201412989:function:SquatsInference:$LATEST",
            "qualified_invoke_arn": "arn:aws:apigateway:eu-central-1:lambda:path/2015-03-31/functions/arn:aws:lambda:eu-central-1:811201412989:function:SquatsInference:$LATEST/invocations",
            "replace_security_groups_on_destroy": null,
            "replacement_security_group_ids": null,
            "reserved_concurrent_executions": -1,
            "role": "arn:aws:iam::811201412989:role/service-role/VideoProcessing-role-ykidmgdx",
            "runtime": "",
            "s3_bucket": null,
            "s3_key": null,
            "s3_object_version": null,
            "signing_job_arn": "",
            "signing_profile_version_arn": "",
            "skip_destroy": false,
            "snap_start": [],
            "source_code_hash": "e92a9350b138e73690c951ef30fb9337b3b78d3a15a2090bdcf18b3ba21cea28",
            "source_code_size": 0,
            "tags": {},
            "tags_all": {},
            "timeout": 900,
            "timeouts": null,
            "tracing_config": [
              {
                "mode": "PassThrough"
              }
            ],
            "version": "$LATEST",
            "vpc_config": []
          },
          "sensitive_attributes": [],
          "private": "eyJlMmJmYjczMC1lY2FhLTExZTYtOGY4OC0zNDM2M2JjN2M0YzAiOnsiY3JlYXRlIjo2MDAwMDAwMDAwMDAsImRlbGV0ZSI6NjAwMDAwMDAwMDAwLCJ1cGRhdGUiOjYwMDAwMDAwMDAwMH19",
          "dependencies": [
            "data.aws_ecr_repository.squats_inference_repository"
          ]
        }
      ]
    },
    {
      "mode": "managed",
      "type": "aws_lambda_function",
      "name": "video_segmentation",
      "provider": "provider[\"registry.terraform.io/hashicorp/aws\"]",
      "instances": [
        {
          "schema_version": 0,
          "attributes": {
            "architectures": [
              "x86_64"
            ],
            "arn": "arn:aws:lambda:eu-central-1:811201412989:function:VideoSegmentation",
            "code_signing_config_arn": "",
            "dead_letter_config": [],
            "description": "",
            "environment": [],
            "ephemeral_storage": [
              {
                "size": 1024
              }
            ],
            "file_system_config": [],
            "filename": null,
            "function_name": "VideoSegmentation",
            "handler": "",
            "id": "VideoSegmentation",
            "image_config": [],
            "image_uri": "811201412989.dkr.ecr.eu-central-1.amazonaws.com/segmentation-images:latest",
            "invoke_arn": "arn:aws:apigateway:eu-central-1:lambda:path/2015-03-31/functions/arn:aws:lambda:eu-central-1:811201412989:function:VideoSegmentation/invocations",
            "kms_key_arn": "",
            "last_modified": "2024-04-28T16:20:15.000+0000",
            "layers": [],
            "logging_config": [
              {
                "application_log_level": "",
                "log_format": "Text",
                "log_group": "/aws/lambda/VideoSegmentation",
                "system_log_level": ""
              }
            ],
            "memory_size": 3008,
            "package_type": "Image",
            "publish": false,
            "qualified_arn": "arn:aws:lambda:eu-central-1:811201412989:function:VideoSegmentation:$LATEST",
            "qualified_invoke_arn": "arn:aws:apigateway:eu-central-1:lambda:path/2015-03-31/functions/arn:aws:lambda:eu-central-1:811201412989:function:VideoSegmentation:$LATEST/invocations",
            "replace_security_groups_on_destroy": null,
            "replacement_security_group_ids": null,
            "reserved_concurrent_executions": -1,
            "role": "arn:aws:iam::811201412989:role/service-role/VideoProcessing-role-ykidmgdx",
            "runtime": "",
            "s3_bucket": null,
            "s3_key": null,
            "s3_object_version": null,
            "signing_job_arn": "",
            "signing_profile_version_arn": "",
            "skip_destroy": false,
            "snap_start": [],
            "source_code_hash": "36f2f48540b2923ad5e4b6a1bffdc59226190ba3e7f23cc7e06b9dd5bbd70427",
            "source_code_size": 0,
            "tags": {},
            "tags_all": {},
            "timeout": 900,
            "timeouts": null,
            "tracing_config": [
              {
                "mode": "PassThrough"
              }
            ],
            "version": "$LATEST",
            "vpc_config": []
          },
          "sensitive_attributes": [],
          "private": "eyJlMmJmYjczMC1lY2FhLTExZTYtOGY4OC0zNDM2M2JjN2M0YzAiOnsiY3JlYXRlIjo2MDAwMDAwMDAwMDAsImRlbGV0ZSI6NjAwMDAwMDAwMDAwLCJ1cGRhdGUiOjYwMDAwMDAwMDAwMH19",
          "dependencies": [
            "data.aws_ecr_repository.segmentation_repository"
          ]
        }
      ]
    },
    {
      "mode": "managed",
      "type": "aws_lambda_function_event_invoke_config",
      "name": "sqs",
      "provider": "provider[\"registry.terraform.io/hashicorp/aws\"]",
      "instances": [
        {
          "schema_version": 0,
          "attributes": {
            "destination_config": [
              {
                "on_failure": [
                  {
                    "destination": "arn:aws:sqs:eu-central-1:811201412989:inference-queue"
                  }
                ],
                "on_success": [
                  {
                    "destination": "arn:aws:sqs:eu-central-1:811201412989:inference-queue"
                  }
                ]
              }
            ],
            "function_name": "VideoSegmentation",
            "id": "VideoSegmentation",
            "maximum_event_age_in_seconds": 0,
            "maximum_retry_attempts": 2,
            "qualifier": ""
          },
          "sensitive_attributes": [],
          "private": "bnVsbA==",
          "dependencies": [
            "aws_lambda_function.video_segmentation",
            "aws_sqs_queue.video_processing",
            "data.aws_ecr_repository.segmentation_repository"
          ]
        }
      ]
    },
    {
      "mode": "managed",
      "type": "aws_lambda_function_event_invoke_config",
      "name": "sqs_estimation",
      "provider": "provider[\"registry.terraform.io/hashicorp/aws\"]",
      "instances": [
        {
          "schema_version": 0,
          "attributes": {
            "destination_config": [
              {
                "on_failure": [
                  {
                    "destination": "arn:aws:sqs:eu-central-1:811201412989:estimation-queue"
                  }
                ],
                "on_success": [
                  {
                    "destination": "arn:aws:sqs:eu-central-1:811201412989:estimation-queue"
                  }
                ]
              }
            ],
            "function_name": "SquatsInference",
            "id": "SquatsInference",
            "maximum_event_age_in_seconds": 0,
            "maximum_retry_attempts": 2,
            "qualifier": ""
          },
          "sensitive_attributes": [],
          "private": "bnVsbA==",
          "dependencies": [
            "aws_lambda_function.squats_inference",
            "aws_sqs_queue.video_estimation",
            "data.aws_ecr_repository.squats_inference_repository"
          ]
        }
      ]
    },
    {
      "mode": "managed",
      "type": "aws_lambda_permission",
      "name": "allow_bucket",
      "provider": "provider[\"registry.terraform.io/hashicorp/aws\"]",
      "instances": [
        {
          "schema_version": 0,
          "attributes": {
            "action": "lambda:InvokeFunction",
            "event_source_token": null,
            "function_name": "arn:aws:lambda:eu-central-1:811201412989:function:VideoSegmentation",
            "function_url_auth_type": null,
            "id": "AllowExecutionFromS3Bucket",
            "principal": "s3.amazonaws.com",
            "principal_org_id": null,
            "qualifier": "",
            "source_account": null,
            "source_arn": "arn:aws:s3:::smartfit-input-bucket160809-dev",
            "statement_id": "AllowExecutionFromS3Bucket",
            "statement_id_prefix": ""
          },
          "sensitive_attributes": [],
          "private": "bnVsbA==",
          "dependencies": [
            "aws_lambda_function.video_segmentation",
            "data.aws_ecr_repository.segmentation_repository",
            "data.aws_s3_bucket.bucket"
          ]
        }
      ]
    },
    {
      "mode": "managed",
      "type": "aws_s3_bucket_notification",
      "name": "bucket_notification",
      "provider": "provider[\"registry.terraform.io/hashicorp/aws\"]",
      "instances": [
        {
          "schema_version": 0,
          "attributes": {
            "bucket": "smartfit-input-bucket160809-dev",
            "eventbridge": false,
            "id": "smartfit-input-bucket160809-dev",
            "lambda_function": [
              {
                "events": [
                  "s3:ObjectCreated:*"
                ],
                "filter_prefix": "",
                "filter_suffix": "",
                "id": "tf-s3-lambda-20240427100053673900000001",
                "lambda_function_arn": "arn:aws:lambda:eu-central-1:811201412989:function:VideoSegmentation"
              }
            ],
            "queue": [],
            "topic": []
          },
          "sensitive_attributes": [],
          "private": "bnVsbA==",
          "dependencies": [
            "aws_lambda_function.video_segmentation",
            "aws_lambda_permission.allow_bucket",
            "data.aws_ecr_repository.segmentation_repository",
            "data.aws_s3_bucket.bucket"
          ]
        }
      ]
    },
    {
      "mode": "managed",
      "type": "aws_sqs_queue",
      "name": "video_estimation",
      "provider": "provider[\"registry.terraform.io/hashicorp/aws\"]",
      "instances": [
        {
          "schema_version": 0,
          "attributes": {
            "arn": "arn:aws:sqs:eu-central-1:811201412989:estimation-queue",
            "content_based_deduplication": false,
            "deduplication_scope": "",
            "delay_seconds": 0,
            "fifo_queue": false,
            "fifo_throughput_limit": "",
            "id": "https://sqs.eu-central-1.amazonaws.com/811201412989/estimation-queue",
            "kms_data_key_reuse_period_seconds": 300,
            "kms_master_key_id": "",
            "max_message_size": 2048,
            "message_retention_seconds": 86400,
            "name": "estimation-queue",
            "name_prefix": "",
            "policy": "",
            "receive_wait_time_seconds": 0,
            "redrive_allow_policy": "",
            "redrive_policy": "",
            "sqs_managed_sse_enabled": true,
            "tags": {},
            "tags_all": {},
            "url": "https://sqs.eu-central-1.amazonaws.com/811201412989/estimation-queue",
            "visibility_timeout_seconds": 900
          },
          "sensitive_attributes": [],
          "private": "bnVsbA=="
        }
      ]
    },
    {
      "mode": "managed",
      "type": "aws_sqs_queue",
      "name": "video_processing",
      "provider": "provider[\"registry.terraform.io/hashicorp/aws\"]",
      "instances": [
        {
          "schema_version": 0,
          "attributes": {
            "arn": "arn:aws:sqs:eu-central-1:811201412989:inference-queue",
            "content_based_deduplication": false,
            "deduplication_scope": "",
            "delay_seconds": 0,
            "fifo_queue": false,
            "fifo_throughput_limit": "",
            "id": "https://sqs.eu-central-1.amazonaws.com/811201412989/inference-queue",
            "kms_data_key_reuse_period_seconds": 300,
            "kms_master_key_id": "",
            "max_message_size": 2048,
            "message_retention_seconds": 86400,
            "name": "inference-queue",
            "name_prefix": "",
            "policy": "{\"Id\":\"Policy1714304362485\",\"Statement\":[{\"Action\":\"sqs:*\",\"Effect\":\"Allow\",\"Principal\":\"*\",\"Resource\":\"*\",\"Sid\":\"Stmt1714304359822\"}],\"Version\":\"2012-10-17\"}",
            "receive_wait_time_seconds": 0,
            "redrive_allow_policy": "",
            "redrive_policy": "",
            "sqs_managed_sse_enabled": true,
            "tags": {},
            "tags_all": {},
            "url": "https://sqs.eu-central-1.amazonaws.com/811201412989/inference-queue",
            "visibility_timeout_seconds": 900
          },
          "sensitive_attributes": [],
          "private": "bnVsbA=="
        }
      ]
    }
  ],
  "check_results": null
}
